
Microsoft Visual Studio Solution File, Format Version 12.00
# Visual Studio Version 16
VisualStudioVersion = 16.0.30611.23
MinimumVisualStudioVersion = 10.0.40219.1
Project("{FAE04EC0-301F-11D3-BF4B-00C04F79EFBC}") = "TestAddInManager", "TestAddInManager\TestAddInManager.csproj", "{4A6691E5-E8CD-4D52-B1C1-8070966D36FC}"
EndProject
Project("{FAE04EC0-301F-11D3-BF4B-00C04F79EFBC}") = "ConsoleApp1", "ConsoleApp1\ConsoleApp1.csproj", "{CFD8AA8C-788C-4C7B-B9A7-6165AFD97613}"
EndProject
Global
	GlobalSection(SolutionConfigurationPlatforms) = preSolution
		Debug|Any CPU = Debug|Any CPU
		Release|Any CPU = Release|Any CPU
	EndGlobalSection
	GlobalSection(ProjectConfigurationPlatforms) = postSolution
		{4A6691E5-E8CD-4D52-B1C1-8070966D36FC}.Debug|Any CPU.ActiveCfg = Debug|Any CPU
		{4A6691E5-E8CD-4D52-B1C1-8070966D36FC}.Debug|Any CPU.Build.0 = Debug|Any CPU
		{4A6691E5-E8CD-4D52-B1C1-8070966D36FC}.Release|Any CPU.ActiveCfg = Release|Any CPU
		{4A6691E5-E8CD-4D52-B1C1-8070966D36FC}.Release|Any CPU.Build.0 = Release|Any CPU
		{CFD8AA8C-788C-4C7B-B9A7-6165AFD97613}.Debug|Any CPU.ActiveCfg = Debug|Any CPU
		{CFD8AA8C-788C-4C7B-B9A7-6165AFD97613}.Debug|Any CPU.Build.0 = Debug|Any CPU
		{CFD8AA8C-788C-4C7B-B9A7-6165AFD97613}.Release|Any CPU.ActiveCfg = Release|Any CPU
		{CFD8AA8C-788C-4C7B-B9A7-6165AFD97613}.Release|Any CPU.Build.0 = Release|Any CPU
	EndGlobalSection
	GlobalSection(SolutionProperties) = preSolution
		HideSolutionNode = FALSE
	EndGlobalSection
	GlobalSection(ExtensibilityGlobals) = postSolution
		SolutionGuid = {BDC86B99-FAC2-4BCB-A2CE-4C5697C4DF61}
	EndGlobalSection
EndGlobal
